
Microsoft Visual Studio Solution File, Format Version 12.00
# Visual Studio Version 17
VisualStudioVersion = 17.4.33213.308
MinimumVisualStudioVersion = 10.0.40219.1
Project("{FAE04EC0-301F-11D3-BF4B-00C04F79EFBC}") = "REST_API_Example", "REST_API_Example\REST_API_Example.csproj", "{107CD805-811E-426E-A6BA-10D4C8F4AB44}"
EndProject
Global
	GlobalSection(SolutionConfigurationPlatforms) = preSolution
		Debug|Any CPU = Debug|Any CPU
		Release|Any CPU = Release|Any CPU
	EndGlobalSection
	GlobalSection(ProjectConfigurationPlatforms) = postSolution
		{107CD805-811E-426E-A6BA-10D4C8F4AB44}.Debug|Any CPU.ActiveCfg = Debug|Any CPU
		{107CD805-811E-426E-A6BA-10D4C8F4AB44}.Debug|Any CPU.Build.0 = Debug|Any CPU
		{107CD805-811E-426E-A6BA-10D4C8F4AB44}.Release|Any CPU.ActiveCfg = Release|Any CPU
		{107CD805-811E-426E-A6BA-10D4C8F4AB44}.Release|Any CPU.Build.0 = Release|Any CPU
	EndGlobalSection
	GlobalSection(SolutionProperties) = preSolution
		HideSolutionNode = FALSE
	EndGlobalSection
	GlobalSection(ExtensibilityGlobals) = postSolution
		SolutionGuid = {3E712DBA-CBD9-4615-8961-24EEE285F55E}
	EndGlobalSection
EndGlobal
